// !$*UTF8*$!
{
	archiveVersion = 1;
	classes = {
	};
	objectVersion = 56;
	objects = {

/* Begin PBXBuildFile section */
		BF000000000000000000A1 /* AutofillPOCApp.swift in Sources */ = {isa = PBXBuildFile; fileRef = FR000000000000000000A1 /* AutofillPOCApp.swift */; };
		BF000000000000000000A2 /* ContentView.swift in Sources */ = {isa = PBXBuildFile; fileRef = FR000000000000000000A2 /* ContentView.swift */; };
		BF000000000000000000B1 /* CredentialProviderViewController.swift in Sources */ = {isa = PBXBuildFile; fileRef = FR000000000000000000B1 /* CredentialProviderViewController.swift */; };
		BF000000000000000000C2 /* CredentialProvider.appex in Embed Foundation Extensions */ = {isa = PBXBuildFile; fileRef = FR000000000000000000C2 /* CredentialProvider.appex */; settings = {ATTRIBUTES = (RemoveHeadersOnCopy, ); }; };
/* End PBXBuildFile section */

/* Begin PBXContainerItemProxy section */
		CP000000000000000000A1 /* PBXContainerItemProxy */ = {
			isa = PBXContainerItemProxy;
			containerPortal = PRJ00000000000000000001 /* Project object */;
			proxyType = 1;
			remoteGlobalIDString = TG000000000000000000B1;
			remoteInfo = CredentialProvider;
		};
/* End PBXContainerItemProxy section */

/* Begin PBXCopyFilesBuildPhase section */
		PH000000000000000000A4 /* Embed Foundation Extensions */ = {
			isa = PBXCopyFilesBuildPhase;
			buildActionMask = 2147483647;
			dstPath = "";
			dstSubfolderSpec = 13;
			files = (
				BF000000000000000000C2 /* CredentialProvider.appex in Embed Foundation Extensions */,
			);
			name = "Embed Foundation Extensions";
			runOnlyForDeploymentPostprocessing = 0;
		};
/* End PBXCopyFilesBuildPhase section */

/* Begin PBXFileReference section */
		FR000000000000000000A1 /* AutofillPOCApp.swift */ = {isa = PBXFileReference; lastKnownFileType = sourcecode.swift; path = AutofillPOCApp.swift; sourceTree = "<group>"; };
		FR000000000000000000A2 /* ContentView.swift */ = {isa = PBXFileReference; lastKnownFileType = sourcecode.swift; path = ContentView.swift; sourceTree = "<group>"; };
		FR000000000000000000A3 /* AutofillPOC.entitlements */ = {isa = PBXFileReference; lastKnownFileType = text.plist.entitlements; path = AutofillPOC.entitlements; sourceTree = "<group>"; };
		FR000000000000000000B1 /* CredentialProviderViewController.swift */ = {isa = PBXFileReference; lastKnownFileType = sourcecode.swift; path = CredentialProviderViewController.swift; sourceTree = "<group>"; };
		FR000000000000000000B2 /* Info.plist */ = {isa = PBXFileReference; lastKnownFileType = text.plist.xml; path = Info.plist; sourceTree = "<group>"; };
		FR000000000000000000B3 /* CredentialProvider.entitlements */ = {isa = PBXFileReference; lastKnownFileType = text.plist.entitlements; path = CredentialProvider.entitlements; sourceTree = "<group>"; };
		FR000000000000000000C1 /* AutofillPOC.app */ = {isa = PBXFileReference; explicitFileType = wrapper.application; includeInIndex = 0; path = AutofillPOC.app; sourceTree = BUILT_PRODUCTS_DIR; };
		FR000000000000000000C2 /* CredentialProvider.appex */ = {isa = PBXFileReference; explicitFileType = "wrapper.app-extension"; includeInIndex = 0; path = CredentialProvider.appex; sourceTree = BUILT_PRODUCTS_DIR; };
/* End PBXFileReference section */

/* Begin PBXFrameworksBuildPhase section */
		PH000000000000000000A2 /* Frameworks */ = {
			isa = PBXFrameworksBuildPhase;
			buildActionMask = 2147483647;
			files = (
			);
			runOnlyForDeploymentPostprocessing = 0;
		};
		PH000000000000000000B2 /* Frameworks */ = {
			isa = PBXFrameworksBuildPhase;
			buildActionMask = 2147483647;
			files = (
			);
			runOnlyForDeploymentPostprocessing = 0;
		};
/* End PBXFrameworksBuildPhase section */

/* Begin PBXGroup section */
		GRP00000000000000000001 = {
			isa = PBXGroup;
			children = (
				GRP00000000000000000002 /* App */,
				GRP00000000000000000003 /* Extension */,
				GRP00000000000000000004 /* Products */,
			);
			sourceTree = "<group>";
		};
		GRP00000000000000000002 /* App */ = {
			isa = PBXGroup;
			children = (
				FR000000000000000000A1 /* AutofillPOCApp.swift */,
				FR000000000000000000A2 /* ContentView.swift */,
				FR000000000000000000A3 /* AutofillPOC.entitlements */,
			);
			path = App;
			sourceTree = "<group>";
		};
		GRP00000000000000000003 /* Extension */ = {
			isa = PBXGroup;
			children = (
				FR000000000000000000B1 /* CredentialProviderViewController.swift */,
				FR000000000000000000B2 /* Info.plist */,
				FR000000000000000000B3 /* CredentialProvider.entitlements */,
			);
			path = Extension;
			sourceTree = "<group>";
		};
		GRP00000000000000000004 /* Products */ = {
			isa = PBXGroup;
			children = (
				FR000000000000000000C1 /* AutofillPOC.app */,
				FR000000000000000000C2 /* CredentialProvider.appex */,
			);
			name = Products;
			sourceTree = "<group>";
		};
/* End PBXGroup section */

/* Begin PBXNativeTarget section */
		TG000000000000000000A1 /* AutofillPOC */ = {
			isa = PBXNativeTarget;
			buildConfigurationList = CL00000000000000000A1 /* Build configuration list for PBXNativeTarget "AutofillPOC" */;
			buildPhases = (
				PH000000000000000000A1 /* Sources */,
				PH000000000000000000A2 /* Frameworks */,
				PH000000000000000000A3 /* Resources */,
				PH000000000000000000A4 /* Embed Foundation Extensions */,
			);
			buildRules = (
			);
			dependencies = (
				DP000000000000000000A1 /* PBXTargetDependency */,
			);
			name = AutofillPOC;
			productName = AutofillPOC;
			productReference = FR000000000000000000C1 /* AutofillPOC.app */;
			productType = "com.apple.product-type.application";
		};
		TG000000000000000000B1 /* CredentialProvider */ = {
			isa = PBXNativeTarget;
			buildConfigurationList = CL00000000000000000B1 /* Build configuration list for PBXNativeTarget "CredentialProvider" */;
			buildPhases = (
				PH000000000000000000B1 /* Sources */,
				PH000000000000000000B2 /* Frameworks */,
				PH000000000000000000B3 /* Resources */,
			);
			buildRules = (
			);
			dependencies = (
			);
			name = CredentialProvider;
			productName = CredentialProvider;
			productReference = FR000000000000000000C2 /* CredentialProvider.appex */;
			productType = "com.apple.product-type.app-extension";
		};
/* End PBXNativeTarget section */

/* Begin PBXProject section */
		PRJ00000000000000000001 /* Project object */ = {
			isa = PBXProject;
			attributes = {
				BuildIndependentTargetsInParallel = 1;
				LastSwiftUpdateCheck = 2660;
				LastUpgradeCheck = 2660;
				TargetAttributes = {
					TG000000000000000000A1 = {
						CreatedOnToolsVersion = 26.6;
					};
					TG000000000000000000B1 = {
						CreatedOnToolsVersion = 26.6;
					};
				};
			};
			buildConfigurationList = CL00000000000000000001 /* Build configuration list for PBXProject "AutofillPOC" */;
			compatibilityVersion = "Xcode 14.0";
			developmentRegion = en;
			hasScannedForEncodings = 0;
			knownRegions = (
				en,
				Base,
			);
			mainGroup = GRP00000000000000000001;
			productRefGroup = GRP00000000000000000004 /* Products */;
			projectDirPath = "";
			projectRoot = "";
			targets = (
				TG000000000000000000A1 /* AutofillPOC */,
				TG000000000000000000B1 /* CredentialProvider */,
			);
		};
/* End PBXProject section */

/* Begin PBXResourcesBuildPhase section */
		PH000000000000000000A3 /* Resources */ = {
			isa = PBXResourcesBuildPhase;
			buildActionMask = 2147483647;
			files = (
			);
			runOnlyForDeploymentPostprocessing = 0;
		};
		PH000000000000000000B3 /* Resources */ = {
			isa = PBXResourcesBuildPhase;
			buildActionMask = 2147483647;
			files = (
			);
			runOnlyForDeploymentPostprocessing = 0;
		};
/* End PBXResourcesBuildPhase section */

/* Begin PBXSourcesBuildPhase section */
		PH000000000000000000A1 /* Sources */ = {
			isa = PBXSourcesBuildPhase;
			buildActionMask = 2147483647;
			files = (
				BF000000000000000000A2 /* ContentView.swift in Sources */,
				BF000000000000000000A1 /* AutofillPOCApp.swift in Sources */,
			);
			runOnlyForDeploymentPostprocessing = 0;
		};
		PH000000000000000000B1 /* Sources */ = {
			isa = PBXSourcesBuildPhase;
			buildActionMask = 2147483647;
			files = (
				BF000000000000000000B1 /* CredentialProviderViewController.swift in Sources */,
			);
			runOnlyForDeploymentPostprocessing = 0;
		};
/* End PBXSourcesBuildPhase section */

/* Begin PBXTargetDependency section */
		DP000000000000000000A1 /* PBXTargetDependency */ = {
			isa = PBXTargetDependency;
			target = TG000000000000000000B1 /* CredentialProvider */;
			targetProxy = CP000000000000000000A1 /* PBXContainerItemProxy */;
		};
/* End PBXTargetDependency section */

/* Begin XCBuildConfiguration section */
		CFG00000000000000000001 /* Debug */ = {
			isa = XCBuildConfiguration;
			buildSettings = {
				ALWAYS_SEARCH_USER_PATHS = NO;
				CLANG_ENABLE_MODULES = YES;
				CLANG_ENABLE_OBJC_ARC = YES;
				COPY_PHASE_STRIP = NO;
				DEBUG_INFORMATION_FORMAT = dwarf;
				ENABLE_STRICT_OBJC_MSGSEND = YES;
				ENABLE_TESTABILITY = YES;
				GCC_DYNAMIC_NO_PIC = NO;
				GCC_OPTIMIZATION_LEVEL = 0;
				GCC_PREPROCESSOR_DEFINITIONS = (
					"DEBUG=1",
					"$(inherited)",
				);
				MACOSX_DEPLOYMENT_TARGET = 15.0;
				ONLY_ACTIVE_ARCH = YES;
				SDKROOT = macosx;
				SWIFT_ACTIVE_COMPILATION_CONDITIONS = DEBUG;
				SWIFT_OPTIMIZATION_LEVEL = "-Onone";
			};
			name = Debug;
		};
		CFG00000000000000000002 /* Release */ = {
			isa = XCBuildConfiguration;
			buildSettings = {
				ALWAYS_SEARCH_USER_PATHS = NO;
				CLANG_ENABLE_MODULES = YES;
				CLANG_ENABLE_OBJC_ARC = YES;
				COPY_PHASE_STRIP = NO;
				DEBUG_INFORMATION_FORMAT = "dwarf-with-dsym";
				ENABLE_STRICT_OBJC_MSGSEND = YES;
				GCC_OPTIMIZATION_LEVEL = s;
				MACOSX_DEPLOYMENT_TARGET = 15.0;
				SDKROOT = macosx;
				SWIFT_COMPILATION_MODE = wholemodule;
				SWIFT_OPTIMIZATION_LEVEL = "-O";
			};
			name = Release;
		};
		CFG0000000000000000A01 /* Debug */ = {
			isa = XCBuildConfiguration;
			buildSettings = {
				ASSETCATALOG_COMPILER_APPICON_NAME = AppIcon;
				CODE_SIGN_ENTITLEMENTS = App/AutofillPOC.entitlements;
				CODE_SIGN_STYLE = Automatic;
				COMBINE_HIDPI_IMAGES = YES;
				DEVELOPMENT_TEAM = VY6KZKP7W7;
				ENABLE_HARDENED_RUNTIME = YES;
				GENERATE_INFOPLIST_FILE = YES;
				INFOPLIST_KEY_CFBundleDisplayName = "AutofillPOC";
				INFOPLIST_KEY_LSApplicationCategoryType = "public.app-category.utilities";
				INFOPLIST_KEY_NSHumanReadableCopyright = "";
				MARKETING_VERSION = 1.0;
				CURRENT_PROJECT_VERSION = 1;
				PRODUCT_BUNDLE_IDENTIFIER = com.xaviercany.autofillpoc;
				PRODUCT_NAME = "$(TARGET_NAME)";
				SWIFT_EMIT_LOC_STRINGS = YES;
				SWIFT_VERSION = 5.0;
			};
			name = Debug;
		};
		CFG0000000000000000A02 /* Release */ = {
			isa = XCBuildConfiguration;
			buildSettings = {
				ASSETCATALOG_COMPILER_APPICON_NAME = AppIcon;
				CODE_SIGN_ENTITLEMENTS = App/AutofillPOC.entitlements;
				CODE_SIGN_STYLE = Automatic;
				COMBINE_HIDPI_IMAGES = YES;
				DEVELOPMENT_TEAM = VY6KZKP7W7;
				ENABLE_HARDENED_RUNTIME = YES;
				GENERATE_INFOPLIST_FILE = YES;
				INFOPLIST_KEY_CFBundleDisplayName = "AutofillPOC";
				INFOPLIST_KEY_LSApplicationCategoryType = "public.app-category.utilities";
				INFOPLIST_KEY_NSHumanReadableCopyright = "";
				MARKETING_VERSION = 1.0;
				CURRENT_PROJECT_VERSION = 1;
				PRODUCT_BUNDLE_IDENTIFIER = com.xaviercany.autofillpoc;
				PRODUCT_NAME = "$(TARGET_NAME)";
				SWIFT_EMIT_LOC_STRINGS = YES;
				SWIFT_VERSION = 5.0;
			};
			name = Release;
		};
		CFG0000000000000000B01 /* Debug */ = {
			isa = XCBuildConfiguration;
			buildSettings = {
				CODE_SIGN_ENTITLEMENTS = Extension/CredentialProvider.entitlements;
				CODE_SIGN_STYLE = Automatic;
				DEVELOPMENT_TEAM = VY6KZKP7W7;
				ENABLE_HARDENED_RUNTIME = YES;
				GENERATE_INFOPLIST_FILE = YES;
				INFOPLIST_FILE = Extension/Info.plist;
				INFOPLIST_KEY_CFBundleDisplayName = "AutofillPOC";
				MACOSX_DEPLOYMENT_TARGET = 15.0;
				MARKETING_VERSION = 1.0;
				CURRENT_PROJECT_VERSION = 1;
				PRODUCT_BUNDLE_IDENTIFIER = com.xaviercany.autofillpoc.CredentialProvider;
				PRODUCT_NAME = "$(TARGET_NAME)";
				SKIP_INSTALL = YES;
				SWIFT_EMIT_LOC_STRINGS = YES;
				SWIFT_VERSION = 5.0;
			};
			name = Debug;
		};
		CFG0000000000000000B02 /* Release */ = {
			isa = XCBuildConfiguration;
			buildSettings = {
				CODE_SIGN_ENTITLEMENTS = Extension/CredentialProvider.entitlements;
				CODE_SIGN_STYLE = Automatic;
				DEVELOPMENT_TEAM = VY6KZKP7W7;
				ENABLE_HARDENED_RUNTIME = YES;
				GENERATE_INFOPLIST_FILE = YES;
				INFOPLIST_FILE = Extension/Info.plist;
				INFOPLIST_KEY_CFBundleDisplayName = "AutofillPOC";
				MACOSX_DEPLOYMENT_TARGET = 15.0;
				MARKETING_VERSION = 1.0;
				CURRENT_PROJECT_VERSION = 1;
				PRODUCT_BUNDLE_IDENTIFIER = com.xaviercany.autofillpoc.CredentialProvider;
				PRODUCT_NAME = "$(TARGET_NAME)";
				SKIP_INSTALL = YES;
				SWIFT_EMIT_LOC_STRINGS = YES;
				SWIFT_VERSION = 5.0;
			};
			name = Release;
		};
/* End XCBuildConfiguration section */

/* Begin XCConfigurationList section */
		CL00000000000000000001 /* Build configuration list for PBXProject "AutofillPOC" */ = {
			isa = XCConfigurationList;
			buildConfigurations = (
				CFG00000000000000000001 /* Debug */,
				CFG00000000000000000002 /* Release */,
			);
			defaultConfigurationIsVisible = 0;
			defaultConfigurationName = Release;
		};
		CL00000000000000000A1 /* Build configuration list for PBXNativeTarget "AutofillPOC" */ = {
			isa = XCConfigurationList;
			buildConfigurations = (
				CFG0000000000000000A01 /* Debug */,
				CFG0000000000000000A02 /* Release */,
			);
			defaultConfigurationIsVisible = 0;
			defaultConfigurationName = Release;
		};
		CL00000000000000000B1 /* Build configuration list for PBXNativeTarget "CredentialProvider" */ = {
			isa = XCConfigurationList;
			buildConfigurations = (
				CFG0000000000000000B01 /* Debug */,
				CFG0000000000000000B02 /* Release */,
			);
			defaultConfigurationIsVisible = 0;
			defaultConfigurationName = Release;
		};
/* End XCConfigurationList section */
	};
	rootObject = PRJ00000000000000000001 /* Project object */;
}
